{"is_source_file": false, "format": "", "description": "", "external_files": [], "external_methods": [], "published": [], "classes": [], "methods": [], "calls": [], "search-terms": [], "state": 2, "file_id": 36, "knowledge_revision": 72, "git_revision": "f7f4744a81a20c5d3ef1efdf383d81c8d04791bf", "hash": "e9b4c3b42cef0193b7fddb548d37e652", "format-version": 4, "code-base-name": "default", "filename": "noteease/post_process_status.lock", "revision_history": [{"72": "f7f4744a81a20c5d3ef1efdf383d81c8d04791bf"}]}